PODS:
  - Bolts (1.8.4):
    - Bolts/AppLinks (= 1.8.4)
    - Bolts/Tasks (= 1.8.4)
  - Bolts/AppLinks (1.8.4):
    - Bolts/Tasks
  - Bolts/Tasks (1.8.4)
  - CryptoSwift (0.6.8)
  - Fabric (1.6.11)
  - FBSDKCoreKit (4.22.0):
    - Bolts (~> 1.7)
  - FBSDKLoginKit (4.22.0):
    - FBSDKCoreKit
  - FBSDKShareKit (4.22.0):
    - FBSDKCoreKit
  - TwitterCore (2.8.0):
    - Fabric
  - TwitterKit (2.8.1):
    - TwitterCore (>= 2.8)

DEPENDENCIES:
  - CryptoSwift
  - Fabric
  - FBSDKCoreKit
  - FBSDKLoginKit
  - FBSDKShareKit
  - TwitterKit

SPEC CHECKSUMS:
  Bolts: 8a7995239dbe724f9cba2248b766d48b7ebdd322
  CryptoSwift: f21ea03ed3a94e79d241648ce26652cd4810508a
  Fabric: 5911403591946b8228ab1c51d98f1d7137e863c6
  FBSDKCoreKit: c693bad19feb225469eeff14452ba364522ee48b
  FBSDKLoginKit: 1fa529fc622d7b32ebeaffbecd377180833c6d30
  FBSDKShareKit: 21ab3c8d173f4fa20c47c1061f3a9fac5950b5fa
  TwitterCore: e959987be23c767004d29eb7fab8d85d8585a2e5
  TwitterKit: 3b6044a7320340326a4098f3e37aa1dbaeb94942

PODFILE CHECKSUM: 29f05d6ff5d130b8955f817c6da2538a7d2c5c35

COCOAPODS: 1.2.1
